
Microsoft Visual Studio Solution File, Format Version 12.00
# Visual Studio 15
VisualStudioVersion = 15.0.28307.106
MinimumVisualStudioVersion = 10.0.40219.1
Project("{FAE04EC0-301F-11D3-BF4B-00C04F79EFBC}") = "GraphPartitioning", "GraphPartitioning\GraphPartitioning.csproj", "{EE32DDDE-85BB-4792-830F-CFFAA113FB90}"
EndProject
Project("{FAE04EC0-301F-11D3-BF4B-00C04F79EFBC}") = "GraphPartitioningLibrary", "GraphPartitioningLibrary\GraphPartitioningLibrary.csproj", "{5E243BE7-E378-467F-9410-24EE724E13F4}"
EndProject
Global
	GlobalSection(SolutionConfigurationPlatforms) = preSolution
		Debug|Any CPU = Debug|Any CPU
		Release|Any CPU = Release|Any CPU
	EndGlobalSection
	GlobalSection(ProjectConfigurationPlatforms) = postSolution
		{EE32DDDE-85BB-4792-830F-CFFAA113FB90}.Debug|Any CPU.ActiveCfg = Debug|Any CPU
		{EE32DDDE-85BB-4792-830F-CFFAA113FB90}.Debug|Any CPU.Build.0 = Debug|Any CPU
		{EE32DDDE-85BB-4792-830F-CFFAA113FB90}.Release|Any CPU.ActiveCfg = Release|Any CPU
		{EE32DDDE-85BB-4792-830F-CFFAA113FB90}.Release|Any CPU.Build.0 = Release|Any CPU
		{5E243BE7-E378-467F-9410-24EE724E13F4}.Debug|Any CPU.ActiveCfg = Debug|Any CPU
		{5E243BE7-E378-467F-9410-24EE724E13F4}.Debug|Any CPU.Build.0 = Debug|Any CPU
		{5E243BE7-E378-467F-9410-24EE724E13F4}.Release|Any CPU.ActiveCfg = Release|Any CPU
		{5E243BE7-E378-467F-9410-24EE724E13F4}.Release|Any CPU.Build.0 = Release|Any CPU
	EndGlobalSection
	GlobalSection(SolutionProperties) = preSolution
		HideSolutionNode = FALSE
	EndGlobalSection
	GlobalSection(ExtensibilityGlobals) = postSolution
		SolutionGuid = {A019837D-1BC5-4132-82F7-A0B2CB22F1D4}
	EndGlobalSection
EndGlobal
